
Microsoft Visual Studio Solution File, Format Version 12.00
# Visual Studio Version 17
VisualStudioVersion = 17.14.36811.4 d17.14
MinimumVisualStudioVersion = 10.0.40219.1
Project("{FAE04EC0-301F-11D3-BF4B-00C04F79EFBC}") = "Proba", "Proba\Proba.csproj", "{5459F7DC-C429-4F78-8D99-939A94EE2991}"
EndProject
Global
	GlobalSection(SolutionConfigurationPlatforms) = preSolution
		Debug|Any CPU = Debug|Any CPU
		Release|Any CPU = Release|Any CPU
	EndGlobalSection
	GlobalSection(ProjectConfigurationPlatforms) = postSolution
		{5459F7DC-C429-4F78-8D99-939A94EE2991}.Debug|Any CPU.ActiveCfg = Debug|Any CPU
		{5459F7DC-C429-4F78-8D99-939A94EE2991}.Debug|Any CPU.Build.0 = Debug|Any CPU
		{5459F7DC-C429-4F78-8D99-939A94EE2991}.Release|Any CPU.ActiveCfg = Release|Any CPU
		{5459F7DC-C429-4F78-8D99-939A94EE2991}.Release|Any CPU.Build.0 = Release|Any CPU
	EndGlobalSection
	GlobalSection(SolutionProperties) = preSolution
		HideSolutionNode = FALSE
	EndGlobalSection
	GlobalSection(ExtensibilityGlobals) = postSolution
		SolutionGuid = {AAB9D567-8DBB-4D16-9FF5-B94407F5734B}
	EndGlobalSection
EndGlobal
