
Microsoft Visual Studio Solution File, Format Version 12.00
# Visual Studio Version 17
VisualStudioVersion = 17.14.36811.4
MinimumVisualStudioVersion = 10.0.40219.1
Project("{FAE04EC0-301F-11D3-BF4B-00C04F79EFBC}") = "ProbaMala", "ProbaMala\ProbaMala.csproj", "{22B3D82B-0C5D-4A83-9062-8E80B6EAC30C}"
EndProject
Project("{FAE04EC0-301F-11D3-BF4B-00C04F79EFBC}") = "ProbaMala.IntegrationTests", "ProbaMala.IntegrationTests\ProbaMala.IntegrationTests.csproj", "{CF0F81FD-51A2-4B5D-9C70-47C5D6408829}"
EndProject
Project("{FAE04EC0-301F-11D3-BF4B-00C04F79EFBC}") = "ProbaMala.Mcp", "ProbaMala.Mcp\ProbaMala.Mcp.csproj", "{69D90483-F965-4AD8-A5AE-8CBB5A644909}"
EndProject
Project("{FAE04EC0-301F-11D3-BF4B-00C04F79EFBC}") = "ProbaMala.PlaywrightTests", "ProbaMala.PlaywrightTests\ProbaMala.PlaywrightTests.csproj", "{F6884A44-BD2A-45A5-9768-FC48DD33EBEF}"
EndProject
Global
	GlobalSection(SolutionConfigurationPlatforms) = preSolution
		Debug|Any CPU = Debug|Any CPU
		Debug|x64 = Debug|x64
		Debug|x86 = Debug|x86
		Release|Any CPU = Release|Any CPU
		Release|x64 = Release|x64
		Release|x86 = Release|x86
	EndGlobalSection
	GlobalSection(ProjectConfigurationPlatforms) = postSolution
		{22B3D82B-0C5D-4A83-9062-8E80B6EAC30C}.Debug|Any CPU.ActiveCfg = Debug|Any CPU
		{22B3D82B-0C5D-4A83-9062-8E80B6EAC30C}.Debug|Any CPU.Build.0 = Debug|Any CPU
		{22B3D82B-0C5D-4A83-9062-8E80B6EAC30C}.Debug|x64.ActiveCfg = Debug|Any CPU
		{22B3D82B-0C5D-4A83-9062-8E80B6EAC30C}.Debug|x64.Build.0 = Debug|Any CPU
		{22B3D82B-0C5D-4A83-9062-8E80B6EAC30C}.Debug|x86.ActiveCfg = Debug|Any CPU
		{22B3D82B-0C5D-4A83-9062-8E80B6EAC30C}.Debug|x86.Build.0 = Debug|Any CPU
		{22B3D82B-0C5D-4A83-9062-8E80B6EAC30C}.Release|Any CPU.ActiveCfg = Release|Any CPU
		{22B3D82B-0C5D-4A83-9062-8E80B6EAC30C}.Release|Any CPU.Build.0 = Release|Any CPU
		{22B3D82B-0C5D-4A83-9062-8E80B6EAC30C}.Release|x64.ActiveCfg = Release|Any CPU
		{22B3D82B-0C5D-4A83-9062-8E80B6EAC30C}.Release|x64.Build.0 = Release|Any CPU
		{22B3D82B-0C5D-4A83-9062-8E80B6EAC30C}.Release|x86.ActiveCfg = Release|Any CPU
		{22B3D82B-0C5D-4A83-9062-8E80B6EAC30C}.Release|x86.Build.0 = Release|Any CPU
		{CF0F81FD-51A2-4B5D-9C70-47C5D6408829}.Debug|Any CPU.ActiveCfg = Debug|Any CPU
		{CF0F81FD-51A2-4B5D-9C70-47C5D6408829}.Debug|Any CPU.Build.0 = Debug|Any CPU
		{CF0F81FD-51A2-4B5D-9C70-47C5D6408829}.Debug|x64.ActiveCfg = Debug|Any CPU
		{CF0F81FD-51A2-4B5D-9C70-47C5D6408829}.Debug|x64.Build.0 = Debug|Any CPU
		{CF0F81FD-51A2-4B5D-9C70-47C5D6408829}.Debug|x86.ActiveCfg = Debug|Any CPU
		{CF0F81FD-51A2-4B5D-9C70-47C5D6408829}.Debug|x86.Build.0 = Debug|Any CPU
		{CF0F81FD-51A2-4B5D-9C70-47C5D6408829}.Release|Any CPU.ActiveCfg = Release|Any CPU
		{CF0F81FD-51A2-4B5D-9C70-47C5D6408829}.Release|Any CPU.Build.0 = Release|Any CPU
		{CF0F81FD-51A2-4B5D-9C70-47C5D6408829}.Release|x64.ActiveCfg = Release|Any CPU
		{CF0F81FD-51A2-4B5D-9C70-47C5D6408829}.Release|x64.Build.0 = Release|Any CPU
		{CF0F81FD-51A2-4B5D-9C70-47C5D6408829}.Release|x86.ActiveCfg = Release|Any CPU
		{CF0F81FD-51A2-4B5D-9C70-47C5D6408829}.Release|x86.Build.0 = Release|Any CPU
		{69D90483-F965-4AD8-A5AE-8CBB5A644909}.Debug|Any CPU.ActiveCfg = Debug|Any CPU
		{69D90483-F965-4AD8-A5AE-8CBB5A644909}.Debug|Any CPU.Build.0 = Debug|Any CPU
		{69D90483-F965-4AD8-A5AE-8CBB5A644909}.Debug|x64.ActiveCfg = Debug|Any CPU
		{69D90483-F965-4AD8-A5AE-8CBB5A644909}.Debug|x64.Build.0 = Debug|Any CPU
		{69D90483-F965-4AD8-A5AE-8CBB5A644909}.Debug|x86.ActiveCfg = Debug|Any CPU
		{69D90483-F965-4AD8-A5AE-8CBB5A644909}.Debug|x86.Build.0 = Debug|Any CPU
		{69D90483-F965-4AD8-A5AE-8CBB5A644909}.Release|Any CPU.ActiveCfg = Release|Any CPU
		{69D90483-F965-4AD8-A5AE-8CBB5A644909}.Release|Any CPU.Build.0 = Release|Any CPU
		{69D90483-F965-4AD8-A5AE-8CBB5A644909}.Release|x64.ActiveCfg = Release|Any CPU
		{69D90483-F965-4AD8-A5AE-8CBB5A644909}.Release|x64.Build.0 = Release|Any CPU
		{69D90483-F965-4AD8-A5AE-8CBB5A644909}.Release|x86.ActiveCfg = Release|Any CPU
		{69D90483-F965-4AD8-A5AE-8CBB5A644909}.Release|x86.Build.0 = Release|Any CPU
		{F6884A44-BD2A-45A5-9768-FC48DD33EBEF}.Debug|Any CPU.ActiveCfg = Debug|Any CPU
		{F6884A44-BD2A-45A5-9768-FC48DD33EBEF}.Debug|Any CPU.Build.0 = Debug|Any CPU
		{F6884A44-BD2A-45A5-9768-FC48DD33EBEF}.Debug|x64.ActiveCfg = Debug|Any CPU
		{F6884A44-BD2A-45A5-9768-FC48DD33EBEF}.Debug|x64.Build.0 = Debug|Any CPU
		{F6884A44-BD2A-45A5-9768-FC48DD33EBEF}.Debug|x86.ActiveCfg = Debug|Any CPU
		{F6884A44-BD2A-45A5-9768-FC48DD33EBEF}.Debug|x86.Build.0 = Debug|Any CPU
		{F6884A44-BD2A-45A5-9768-FC48DD33EBEF}.Release|Any CPU.ActiveCfg = Release|Any CPU
		{F6884A44-BD2A-45A5-9768-FC48DD33EBEF}.Release|Any CPU.Build.0 = Release|Any CPU
		{F6884A44-BD2A-45A5-9768-FC48DD33EBEF}.Release|x64.ActiveCfg = Release|Any CPU
		{F6884A44-BD2A-45A5-9768-FC48DD33EBEF}.Release|x64.Build.0 = Release|Any CPU
		{F6884A44-BD2A-45A5-9768-FC48DD33EBEF}.Release|x86.ActiveCfg = Release|Any CPU
		{F6884A44-BD2A-45A5-9768-FC48DD33EBEF}.Release|x86.Build.0 = Release|Any CPU
	EndGlobalSection
	GlobalSection(SolutionProperties) = preSolution
		HideSolutionNode = FALSE
	EndGlobalSection
	GlobalSection(ExtensibilityGlobals) = postSolution
		SolutionGuid = {1E5EACD8-3D84-40BB-B61B-5871164E4DDA}
	EndGlobalSection
EndGlobal
